
Microsoft Visual Studio Solution File, Format Version 12.00
# Visual Studio 15
VisualStudioVersion = 15.0.27004.2002
MinimumVisualStudioVersion = 10.0.40219.1
Project("{FAE04EC0-301F-11D3-BF4B-00C04F79EFBC}") = "View", "View\View.csproj", "{7EF0D47B-F916-4E4C-9D15-73BBDB70ADA0}"
EndProject
Project("{FAE04EC0-301F-11D3-BF4B-00C04F79EFBC}") = "Model", "Model\Model.csproj", "{16E4EA2A-B230-4DB9-849E-3DD105539D45}"
EndProject
Project("{FAE04EC0-301F-11D3-BF4B-00C04F79EFBC}") = "Bll", "Bll\Bll.csproj", "{C777DB6B-E920-4DFF-B349-5757182A3D08}"
EndProject
Project("{FAE04EC0-301F-11D3-BF4B-00C04F79EFBC}") = "EC5.Entity.Expand", "EC5.Entity.Expand\EC5.Entity.Expand.csproj", "{1795C8FB-DB26-4008-A63B-8B0581CAFC72}"
EndProject
Project("{FAE04EC0-301F-11D3-BF4B-00C04F79EFBC}") = "Excel_Template", "Excel_Template\Excel_Template.csproj", "{C9D86076-2053-404C-9478-ED0E83EEEC4D}"
EndProject
Project("{FAE04EC0-301F-11D3-BF4B-00C04F79EFBC}") = "EC5.IG2.BizBase", "EC5.IG2.BizBase\EC5.IG2.BizBase.csproj", "{68835BF2-8B89-4369-939B-C29582263F66}"
EndProject
Project("{FAE04EC0-301F-11D3-BF4B-00C04F79EFBC}") = "EC5.DbCascade", "EC5.DbCascade\EC5.DbCascade.csproj", "{E00CD856-4AA0-476E-9872-BB06BF768ACD}"
EndProject
Project("{FAE04EC0-301F-11D3-BF4B-00C04F79EFBC}") = "App.BizCommon", "App.BizCommon\App.BizCommon.csproj", "{F4C3BEE7-521F-4381-855C-CED518796606}"
EndProject
Project("{FAE04EC0-301F-11D3-BF4B-00C04F79EFBC}") = "EasyClick.Web.Mini2.Data", "EasyClick.Web.Mini2.Data\EasyClick.Web.Mini2.Data.csproj", "{7AE11B85-7173-4C04-BA6E-D454EB2374A5}"
EndProject
Project("{FAE04EC0-301F-11D3-BF4B-00C04F79EFBC}") = "EasyClick.Web.ReportForms", "EasyClick.Web.ReportForms\EasyClick.Web.ReportForms.csproj", "{F190B2D8-ABA7-400B-A6D7-CD293D3ADCE0}"
EndProject
Project("{FAE04EC0-301F-11D3-BF4B-00C04F79EFBC}") = "EasyClick.Web.Mini2", "EasyClick.Web.Mini2\EasyClick.Web.Mini2.csproj", "{8850531C-ECFB-4798-97F4-A815E8308EFC}"
EndProject
Project("{FAE04EC0-301F-11D3-BF4B-00C04F79EFBC}") = "EC5.IG2.Core", "EC5.IG2.Core\EC5.IG2.Core.csproj", "{CE89B10F-3A15-4664-A7E1-73CDFBF5353B}"
EndProject
Project("{FAE04EC0-301F-11D3-BF4B-00C04F79EFBC}") = "EC5.BizEntity.Decipher", "EC5.Entity.Decipher\EC5.BizEntity.Decipher.csproj", "{EDE8C2A6-89D4-4088-BFD3-65374B082B03}"
EndProject
Project("{FAE04EC0-301F-11D3-BF4B-00C04F79EFBC}") = "EasyClick.BizWeb", "EasyClick.BizWeb\EasyClick.BizWeb.csproj", "{8EF8D775-3615-4275-AD57-D56DBCDE390B}"
EndProject
Project("{FAE04EC0-301F-11D3-BF4B-00C04F79EFBC}") = "EasyClick.BizWeb2", "EasyClick.BizWeb2\EasyClick.BizWeb2.csproj", "{ADBD1C3F-F2D0-4CD5-8390-3990EFB572EF}"
EndProject
Project("{FAE04EC0-301F-11D3-BF4B-00C04F79EFBC}") = "EC5.IG2.Plugin", "EC5.IG2.Plugin\EC5.IG2.Plugin.csproj", "{E2EF1A40-A49D-4326-8B39-E78621E94275}"
EndProject
Global
	GlobalSection(SolutionConfigurationPlatforms) = preSolution
		Debug_4.0.Net|Any CPU = Debug_4.0.Net|Any CPU
		Debug_4.0.Net|Mixed Platforms = Debug_4.0.Net|Mixed Platforms
		Debug_4.0.Net|x86 = Debug_4.0.Net|x86
		Debug|Any CPU = Debug|Any CPU
		Debug|Mixed Platforms = Debug|Mixed Platforms
		Debug|x86 = Debug|x86
		Release|Any CPU = Release|Any CPU
		Release|Mixed Platforms = Release|Mixed Platforms
		Release|x86 = Release|x86
	EndGlobalSection
	GlobalSection(ProjectConfigurationPlatforms) = postSolution
		{7EF0D47B-F916-4E4C-9D15-73BBDB70ADA0}.Debug_4.0.Net|Any CPU.ActiveCfg = Debug|Any CPU
		{7EF0D47B-F916-4E4C-9D15-73BBDB70ADA0}.Debug_4.0.Net|Any CPU.Build.0 = Debug|Any CPU
		{7EF0D47B-F916-4E4C-9D15-73BBDB70ADA0}.Debug_4.0.Net|Mixed Platforms.ActiveCfg = Debug|Any CPU
		{7EF0D47B-F916-4E4C-9D15-73BBDB70ADA0}.Debug_4.0.Net|Mixed Platforms.Build.0 = Debug|Any CPU
		{7EF0D47B-F916-4E4C-9D15-73BBDB70ADA0}.Debug_4.0.Net|x86.ActiveCfg = Debug|Any CPU
		{7EF0D47B-F916-4E4C-9D15-73BBDB70ADA0}.Debug_4.0.Net|x86.Build.0 = Debug|Any CPU
		{7EF0D47B-F916-4E4C-9D15-73BBDB70ADA0}.Debug|Any CPU.ActiveCfg = Debug|Any CPU
		{7EF0D47B-F916-4E4C-9D15-73BBDB70ADA0}.Debug|Any CPU.Build.0 = Debug|Any CPU
		{7EF0D47B-F916-4E4C-9D15-73BBDB70ADA0}.Debug|Mixed Platforms.ActiveCfg = Debug|Any CPU
		{7EF0D47B-F916-4E4C-9D15-73BBDB70ADA0}.Debug|Mixed Platforms.Build.0 = Debug|Any CPU
		{7EF0D47B-F916-4E4C-9D15-73BBDB70ADA0}.Debug|x86.ActiveCfg = Debug|Any CPU
		{7EF0D47B-F916-4E4C-9D15-73BBDB70ADA0}.Release|Any CPU.ActiveCfg = Release|Any CPU
		{7EF0D47B-F916-4E4C-9D15-73BBDB70ADA0}.Release|Any CPU.Build.0 = Release|Any CPU
		{7EF0D47B-F916-4E4C-9D15-73BBDB70ADA0}.Release|Mixed Platforms.ActiveCfg = Release|Any CPU
		{7EF0D47B-F916-4E4C-9D15-73BBDB70ADA0}.Release|Mixed Platforms.Build.0 = Release|Any CPU
		{7EF0D47B-F916-4E4C-9D15-73BBDB70ADA0}.Release|x86.ActiveCfg = Release|Any CPU
		{16E4EA2A-B230-4DB9-849E-3DD105539D45}.Debug_4.0.Net|Any CPU.ActiveCfg = Debug|Any CPU
		{16E4EA2A-B230-4DB9-849E-3DD105539D45}.Debug_4.0.Net|Any CPU.Build.0 = Debug|Any CPU
		{16E4EA2A-B230-4DB9-849E-3DD105539D45}.Debug_4.0.Net|Mixed Platforms.ActiveCfg = Debug|Any CPU
		{16E4EA2A-B230-4DB9-849E-3DD105539D45}.Debug_4.0.Net|Mixed Platforms.Build.0 = Debug|Any CPU
		{16E4EA2A-B230-4DB9-849E-3DD105539D45}.Debug_4.0.Net|x86.ActiveCfg = Debug|Any CPU
		{16E4EA2A-B230-4DB9-849E-3DD105539D45}.Debug_4.0.Net|x86.Build.0 = Debug|Any CPU
		{16E4EA2A-B230-4DB9-849E-3DD105539D45}.Debug|Any CPU.ActiveCfg = Debug|Any CPU
		{16E4EA2A-B230-4DB9-849E-3DD105539D45}.Debug|Any CPU.Build.0 = Debug|Any CPU
		{16E4EA2A-B230-4DB9-849E-3DD105539D45}.Debug|Mixed Platforms.ActiveCfg = Debug|Any CPU
		{16E4EA2A-B230-4DB9-849E-3DD105539D45}.Debug|Mixed Platforms.Build.0 = Debug|Any CPU
		{16E4EA2A-B230-4DB9-849E-3DD105539D45}.Debug|x86.ActiveCfg = Debug|Any CPU
		{16E4EA2A-B230-4DB9-849E-3DD105539D45}.Release|Any CPU.ActiveCfg = Release|Any CPU
		{16E4EA2A-B230-4DB9-849E-3DD105539D45}.Release|Any CPU.Build.0 = Release|Any CPU
		{16E4EA2A-B230-4DB9-849E-3DD105539D45}.Release|Mixed Platforms.ActiveCfg = Release|Any CPU
		{16E4EA2A-B230-4DB9-849E-3DD105539D45}.Release|Mixed Platforms.Build.0 = Release|Any CPU
		{16E4EA2A-B230-4DB9-849E-3DD105539D45}.Release|x86.ActiveCfg = Release|Any CPU
		{C777DB6B-E920-4DFF-B349-5757182A3D08}.Debug_4.0.Net|Any CPU.ActiveCfg = Debug|Any CPU
		{C777DB6B-E920-4DFF-B349-5757182A3D08}.Debug_4.0.Net|Any CPU.Build.0 = Debug|Any CPU
		{C777DB6B-E920-4DFF-B349-5757182A3D08}.Debug_4.0.Net|Mixed Platforms.ActiveCfg = Debug|Any CPU
		{C777DB6B-E920-4DFF-B349-5757182A3D08}.Debug_4.0.Net|Mixed Platforms.Build.0 = Debug|Any CPU
		{C777DB6B-E920-4DFF-B349-5757182A3D08}.Debug_4.0.Net|x86.ActiveCfg = Debug|Any CPU
		{C777DB6B-E920-4DFF-B349-5757182A3D08}.Debug_4.0.Net|x86.Build.0 = Debug|Any CPU
		{C777DB6B-E920-4DFF-B349-5757182A3D08}.Debug|Any CPU.ActiveCfg = Debug|Any CPU
		{C777DB6B-E920-4DFF-B349-5757182A3D08}.Debug|Any CPU.Build.0 = Debug|Any CPU
		{C777DB6B-E920-4DFF-B349-5757182A3D08}.Debug|Mixed Platforms.ActiveCfg = Debug|Any CPU
		{C777DB6B-E920-4DFF-B349-5757182A3D08}.Debug|Mixed Platforms.Build.0 = Debug|Any CPU
		{C777DB6B-E920-4DFF-B349-5757182A3D08}.Debug|x86.ActiveCfg = Debug|Any CPU
		{C777DB6B-E920-4DFF-B349-5757182A3D08}.Release|Any CPU.ActiveCfg = Release|Any CPU
		{C777DB6B-E920-4DFF-B349-5757182A3D08}.Release|Any CPU.Build.0 = Release|Any CPU
		{C777DB6B-E920-4DFF-B349-5757182A3D08}.Release|Mixed Platforms.ActiveCfg = Release|Any CPU
		{C777DB6B-E920-4DFF-B349-5757182A3D08}.Release|Mixed Platforms.Build.0 = Release|Any CPU
		{C777DB6B-E920-4DFF-B349-5757182A3D08}.Release|x86.ActiveCfg = Release|Any CPU
		{1795C8FB-DB26-4008-A63B-8B0581CAFC72}.Debug_4.0.Net|Any CPU.ActiveCfg = Debug|Any CPU
		{1795C8FB-DB26-4008-A63B-8B0581CAFC72}.Debug_4.0.Net|Any CPU.Build.0 = Debug|Any CPU
		{1795C8FB-DB26-4008-A63B-8B0581CAFC72}.Debug_4.0.Net|Mixed Platforms.ActiveCfg = Debug|Any CPU
		{1795C8FB-DB26-4008-A63B-8B0581CAFC72}.Debug_4.0.Net|Mixed Platforms.Build.0 = Debug|Any CPU
		{1795C8FB-DB26-4008-A63B-8B0581CAFC72}.Debug_4.0.Net|x86.ActiveCfg = Debug|Any CPU
		{1795C8FB-DB26-4008-A63B-8B0581CAFC72}.Debug_4.0.Net|x86.Build.0 = Debug|Any CPU
		{1795C8FB-DB26-4008-A63B-8B0581CAFC72}.Debug|Any CPU.ActiveCfg = Debug|Any CPU
		{1795C8FB-DB26-4008-A63B-8B0581CAFC72}.Debug|Any CPU.Build.0 = Debug|Any CPU
		{1795C8FB-DB26-4008-A63B-8B0581CAFC72}.Debug|Mixed Platforms.ActiveCfg = Debug|Any CPU
		{1795C8FB-DB26-4008-A63B-8B0581CAFC72}.Debug|Mixed Platforms.Build.0 = Debug|Any CPU
		{1795C8FB-DB26-4008-A63B-8B0581CAFC72}.Debug|x86.ActiveCfg = Debug|Any CPU
		{1795C8FB-DB26-4008-A63B-8B0581CAFC72}.Debug|x86.Build.0 = Debug|Any CPU
		{1795C8FB-DB26-4008-A63B-8B0581CAFC72}.Release|Any CPU.ActiveCfg = Release|Any CPU
		{1795C8FB-DB26-4008-A63B-8B0581CAFC72}.Release|Any CPU.Build.0 = Release|Any CPU
		{1795C8FB-DB26-4008-A63B-8B0581CAFC72}.Release|Mixed Platforms.ActiveCfg = Release|Any CPU
		{1795C8FB-DB26-4008-A63B-8B0581CAFC72}.Release|Mixed Platforms.Build.0 = Release|Any CPU
		{1795C8FB-DB26-4008-A63B-8B0581CAFC72}.Release|x86.ActiveCfg = Release|Any CPU
		{1795C8FB-DB26-4008-A63B-8B0581CAFC72}.Release|x86.Build.0 = Release|Any CPU
		{C9D86076-2053-404C-9478-ED0E83EEEC4D}.Debug_4.0.Net|Any CPU.ActiveCfg = Debug|Any CPU
		{C9D86076-2053-404C-9478-ED0E83EEEC4D}.Debug_4.0.Net|Any CPU.Build.0 = Debug|Any CPU
		{C9D86076-2053-404C-9478-ED0E83EEEC4D}.Debug_4.0.Net|Mixed Platforms.ActiveCfg = Debug|Any CPU
		{C9D86076-2053-404C-9478-ED0E83EEEC4D}.Debug_4.0.Net|Mixed Platforms.Build.0 = Debug|Any CPU
		{C9D86076-2053-404C-9478-ED0E83EEEC4D}.Debug_4.0.Net|x86.ActiveCfg = Debug|Any CPU
		{C9D86076-2053-404C-9478-ED0E83EEEC4D}.Debug_4.0.Net|x86.Build.0 = Debug|Any CPU
		{C9D86076-2053-404C-9478-ED0E83EEEC4D}.Debug|Any CPU.ActiveCfg = Debug|Any CPU
		{C9D86076-2053-404C-9478-ED0E83EEEC4D}.Debug|Any CPU.Build.0 = Debug|Any CPU
		{C9D86076-2053-404C-9478-ED0E83EEEC4D}.Debug|Mixed Platforms.ActiveCfg = Debug|Any CPU
		{C9D86076-2053-404C-9478-ED0E83EEEC4D}.Debug|Mixed Platforms.Build.0 = Debug|Any CPU
		{C9D86076-2053-404C-9478-ED0E83EEEC4D}.Debug|x86.ActiveCfg = Debug|Any CPU
		{C9D86076-2053-404C-9478-ED0E83EEEC4D}.Debug|x86.Build.0 = Debug|Any CPU
		{C9D86076-2053-404C-9478-ED0E83EEEC4D}.Release|Any CPU.ActiveCfg = Release|Any CPU
		{C9D86076-2053-404C-9478-ED0E83EEEC4D}.Release|Any CPU.Build.0 = Release|Any CPU
		{C9D86076-2053-404C-9478-ED0E83EEEC4D}.Release|Mixed Platforms.ActiveCfg = Release|Any CPU
		{C9D86076-2053-404C-9478-ED0E83EEEC4D}.Release|Mixed Platforms.Build.0 = Release|Any CPU
		{C9D86076-2053-404C-9478-ED0E83EEEC4D}.Release|x86.ActiveCfg = Release|Any CPU
		{C9D86076-2053-404C-9478-ED0E83EEEC4D}.Release|x86.Build.0 = Release|Any CPU
		{68835BF2-8B89-4369-939B-C29582263F66}.Debug_4.0.Net|Any CPU.ActiveCfg = Debug|Any CPU
		{68835BF2-8B89-4369-939B-C29582263F66}.Debug_4.0.Net|Any CPU.Build.0 = Debug|Any CPU
		{68835BF2-8B89-4369-939B-C29582263F66}.Debug_4.0.Net|Mixed Platforms.ActiveCfg = Debug|Any CPU
		{68835BF2-8B89-4369-939B-C29582263F66}.Debug_4.0.Net|Mixed Platforms.Build.0 = Debug|Any CPU
		{68835BF2-8B89-4369-939B-C29582263F66}.Debug_4.0.Net|x86.ActiveCfg = Debug|Any CPU
		{68835BF2-8B89-4369-939B-C29582263F66}.Debug_4.0.Net|x86.Build.0 = Debug|Any CPU
		{68835BF2-8B89-4369-939B-C29582263F66}.Debug|Any CPU.ActiveCfg = Debug|Any CPU
		{68835BF2-8B89-4369-939B-C29582263F66}.Debug|Any CPU.Build.0 = Debug|Any CPU
		{68835BF2-8B89-4369-939B-C29582263F66}.Debug|Mixed Platforms.ActiveCfg = Debug|Any CPU
		{68835BF2-8B89-4369-939B-C29582263F66}.Debug|Mixed Platforms.Build.0 = Debug|Any CPU
		{68835BF2-8B89-4369-939B-C29582263F66}.Debug|x86.ActiveCfg = Debug|Any CPU
		{68835BF2-8B89-4369-939B-C29582263F66}.Debug|x86.Build.0 = Debug|Any CPU
		{68835BF2-8B89-4369-939B-C29582263F66}.Release|Any CPU.ActiveCfg = Release|Any CPU
		{68835BF2-8B89-4369-939B-C29582263F66}.Release|Any CPU.Build.0 = Release|Any CPU
		{68835BF2-8B89-4369-939B-C29582263F66}.Release|Mixed Platforms.ActiveCfg = Release|Any CPU
		{68835BF2-8B89-4369-939B-C29582263F66}.Release|Mixed Platforms.Build.0 = Release|Any CPU
		{68835BF2-8B89-4369-939B-C29582263F66}.Release|x86.ActiveCfg = Release|Any CPU
		{68835BF2-8B89-4369-939B-C29582263F66}.Release|x86.Build.0 = Release|Any CPU
		{E00CD856-4AA0-476E-9872-BB06BF768ACD}.Debug_4.0.Net|Any CPU.ActiveCfg = Debug|Any CPU
		{E00CD856-4AA0-476E-9872-BB06BF768ACD}.Debug_4.0.Net|Any CPU.Build.0 = Debug|Any CPU
		{E00CD856-4AA0-476E-9872-BB06BF768ACD}.Debug_4.0.Net|Mixed Platforms.ActiveCfg = Debug|Any CPU
		{E00CD856-4AA0-476E-9872-BB06BF768ACD}.Debug_4.0.Net|Mixed Platforms.Build.0 = Debug|Any CPU
		{E00CD856-4AA0-476E-9872-BB06BF768ACD}.Debug_4.0.Net|x86.ActiveCfg = Debug|Any CPU
		{E00CD856-4AA0-476E-9872-BB06BF768ACD}.Debug_4.0.Net|x86.Build.0 = Debug|Any CPU
		{E00CD856-4AA0-476E-9872-BB06BF768ACD}.Debug|Any CPU.ActiveCfg = Debug|Any CPU
		{E00CD856-4AA0-476E-9872-BB06BF768ACD}.Debug|Any CPU.Build.0 = Debug|Any CPU
		{E00CD856-4AA0-476E-9872-BB06BF768ACD}.Debug|Mixed Platforms.ActiveCfg = Debug|Any CPU
		{E00CD856-4AA0-476E-9872-BB06BF768ACD}.Debug|Mixed Platforms.Build.0 = Debug|Any CPU
		{E00CD856-4AA0-476E-9872-BB06BF768ACD}.Debug|x86.ActiveCfg = Debug|Any CPU
		{E00CD856-4AA0-476E-9872-BB06BF768ACD}.Debug|x86.Build.0 = Debug|Any CPU
		{E00CD856-4AA0-476E-9872-BB06BF768ACD}.Release|Any CPU.ActiveCfg = Release|Any CPU
		{E00CD856-4AA0-476E-9872-BB06BF768ACD}.Release|Any CPU.Build.0 = Release|Any CPU
		{E00CD856-4AA0-476E-9872-BB06BF768ACD}.Release|Mixed Platforms.ActiveCfg = Release|Any CPU
		{E00CD856-4AA0-476E-9872-BB06BF768ACD}.Release|Mixed Platforms.Build.0 = Release|Any CPU
		{E00CD856-4AA0-476E-9872-BB06BF768ACD}.Release|x86.ActiveCfg = Release|Any CPU
		{E00CD856-4AA0-476E-9872-BB06BF768ACD}.Release|x86.Build.0 = Release|Any CPU
		{F4C3BEE7-521F-4381-855C-CED518796606}.Debug_4.0.Net|Any CPU.ActiveCfg = Debug_4.0.Net|Any CPU
		{F4C3BEE7-521F-4381-855C-CED518796606}.Debug_4.0.Net|Any CPU.Build.0 = Debug_4.0.Net|Any CPU
		{F4C3BEE7-521F-4381-855C-CED518796606}.Debug_4.0.Net|Mixed Platforms.ActiveCfg = Debug_4.0.Net|Any CPU
		{F4C3BEE7-521F-4381-855C-CED518796606}.Debug_4.0.Net|Mixed Platforms.Build.0 = Debug_4.0.Net|Any CPU
		{F4C3BEE7-521F-4381-855C-CED518796606}.Debug_4.0.Net|x86.ActiveCfg = Debug_4.0.Net|Any CPU
		{F4C3BEE7-521F-4381-855C-CED518796606}.Debug_4.0.Net|x86.Build.0 = Debug_4.0.Net|Any CPU
		{F4C3BEE7-521F-4381-855C-CED518796606}.Debug|Any CPU.ActiveCfg = Debug|Any CPU
		{F4C3BEE7-521F-4381-855C-CED518796606}.Debug|Any CPU.Build.0 = Debug|Any CPU
		{F4C3BEE7-521F-4381-855C-CED518796606}.Debug|Mixed Platforms.ActiveCfg = Debug|Any CPU
		{F4C3BEE7-521F-4381-855C-CED518796606}.Debug|Mixed Platforms.Build.0 = Debug|Any CPU
		{F4C3BEE7-521F-4381-855C-CED518796606}.Debug|x86.ActiveCfg = Debug|Any CPU
		{F4C3BEE7-521F-4381-855C-CED518796606}.Debug|x86.Build.0 = Debug|Any CPU
		{F4C3BEE7-521F-4381-855C-CED518796606}.Release|Any CPU.ActiveCfg = Release|Any CPU
		{F4C3BEE7-521F-4381-855C-CED518796606}.Release|Any CPU.Build.0 = Release|Any CPU
		{F4C3BEE7-521F-4381-855C-CED518796606}.Release|Mixed Platforms.ActiveCfg = Release|Any CPU
		{F4C3BEE7-521F-4381-855C-CED518796606}.Release|Mixed Platforms.Build.0 = Release|Any CPU
		{F4C3BEE7-521F-4381-855C-CED518796606}.Release|x86.ActiveCfg = Release|Any CPU
		{F4C3BEE7-521F-4381-855C-CED518796606}.Release|x86.Build.0 = Release|Any CPU
		{7AE11B85-7173-4C04-BA6E-D454EB2374A5}.Debug_4.0.Net|Any CPU.ActiveCfg = Debug|Any CPU
		{7AE11B85-7173-4C04-BA6E-D454EB2374A5}.Debug_4.0.Net|Any CPU.Build.0 = Debug|Any CPU
		{7AE11B85-7173-4C04-BA6E-D454EB2374A5}.Debug_4.0.Net|Mixed Platforms.ActiveCfg = Debug|Any CPU
		{7AE11B85-7173-4C04-BA6E-D454EB2374A5}.Debug_4.0.Net|Mixed Platforms.Build.0 = Debug|Any CPU
		{7AE11B85-7173-4C04-BA6E-D454EB2374A5}.Debug_4.0.Net|x86.ActiveCfg = Debug|Any CPU
		{7AE11B85-7173-4C04-BA6E-D454EB2374A5}.Debug_4.0.Net|x86.Build.0 = Debug|Any CPU
		{7AE11B85-7173-4C04-BA6E-D454EB2374A5}.Debug|Any CPU.ActiveCfg = Debug|Any CPU
		{7AE11B85-7173-4C04-BA6E-D454EB2374A5}.Debug|Any CPU.Build.0 = Debug|Any CPU
		{7AE11B85-7173-4C04-BA6E-D454EB2374A5}.Debug|Mixed Platforms.ActiveCfg = Debug|Any CPU
		{7AE11B85-7173-4C04-BA6E-D454EB2374A5}.Debug|Mixed Platforms.Build.0 = Debug|Any CPU
		{7AE11B85-7173-4C04-BA6E-D454EB2374A5}.Debug|x86.ActiveCfg = Debug|Any CPU
		{7AE11B85-7173-4C04-BA6E-D454EB2374A5}.Debug|x86.Build.0 = Debug|Any CPU
		{7AE11B85-7173-4C04-BA6E-D454EB2374A5}.Release|Any CPU.ActiveCfg = Release|Any CPU
		{7AE11B85-7173-4C04-BA6E-D454EB2374A5}.Release|Any CPU.Build.0 = Release|Any CPU
		{7AE11B85-7173-4C04-BA6E-D454EB2374A5}.Release|Mixed Platforms.ActiveCfg = Release|Any CPU
		{7AE11B85-7173-4C04-BA6E-D454EB2374A5}.Release|Mixed Platforms.Build.0 = Release|Any CPU
		{7AE11B85-7173-4C04-BA6E-D454EB2374A5}.Release|x86.ActiveCfg = Release|Any CPU
		{7AE11B85-7173-4C04-BA6E-D454EB2374A5}.Release|x86.Build.0 = Release|Any CPU
		{F190B2D8-ABA7-400B-A6D7-CD293D3ADCE0}.Debug_4.0.Net|Any CPU.ActiveCfg = Debug_4.0.Net|Any CPU
		{F190B2D8-ABA7-400B-A6D7-CD293D3ADCE0}.Debug_4.0.Net|Any CPU.Build.0 = Debug_4.0.Net|Any CPU
		{F190B2D8-ABA7-400B-A6D7-CD293D3ADCE0}.Debug_4.0.Net|Mixed Platforms.ActiveCfg = Debug_4.0.Net|Any CPU
		{F190B2D8-ABA7-400B-A6D7-CD293D3ADCE0}.Debug_4.0.Net|Mixed Platforms.Build.0 = Debug_4.0.Net|Any CPU
		{F190B2D8-ABA7-400B-A6D7-CD293D3ADCE0}.Debug_4.0.Net|x86.ActiveCfg = Debug_4.0.Net|Any CPU
		{F190B2D8-ABA7-400B-A6D7-CD293D3ADCE0}.Debug_4.0.Net|x86.Build.0 = Debug_4.0.Net|Any CPU
		{F190B2D8-ABA7-400B-A6D7-CD293D3ADCE0}.Debug|Any CPU.ActiveCfg = Debug|Any CPU
		{F190B2D8-ABA7-400B-A6D7-CD293D3ADCE0}.Debug|Any CPU.Build.0 = Debug|Any CPU
		{F190B2D8-ABA7-400B-A6D7-CD293D3ADCE0}.Debug|Mixed Platforms.ActiveCfg = Debug|Any CPU
		{F190B2D8-ABA7-400B-A6D7-CD293D3ADCE0}.Debug|Mixed Platforms.Build.0 = Debug|Any CPU
		{F190B2D8-ABA7-400B-A6D7-CD293D3ADCE0}.Debug|x86.ActiveCfg = Debug|Any CPU
		{F190B2D8-ABA7-400B-A6D7-CD293D3ADCE0}.Debug|x86.Build.0 = Debug|Any CPU
		{F190B2D8-ABA7-400B-A6D7-CD293D3ADCE0}.Release|Any CPU.ActiveCfg = Release|Any CPU
		{F190B2D8-ABA7-400B-A6D7-CD293D3ADCE0}.Release|Any CPU.Build.0 = Release|Any CPU
		{F190B2D8-ABA7-400B-A6D7-CD293D3ADCE0}.Release|Mixed Platforms.ActiveCfg = Release|Any CPU
		{F190B2D8-ABA7-400B-A6D7-CD293D3ADCE0}.Release|Mixed Platforms.Build.0 = Release|Any CPU
		{F190B2D8-ABA7-400B-A6D7-CD293D3ADCE0}.Release|x86.ActiveCfg = Release|Any CPU
		{F190B2D8-ABA7-400B-A6D7-CD293D3ADCE0}.Release|x86.Build.0 = Release|Any CPU
		{8850531C-ECFB-4798-97F4-A815E8308EFC}.Debug_4.0.Net|Any CPU.ActiveCfg = Debug|Any CPU
		{8850531C-ECFB-4798-97F4-A815E8308EFC}.Debug_4.0.Net|Any CPU.Build.0 = Debug|Any CPU
		{8850531C-ECFB-4798-97F4-A815E8308EFC}.Debug_4.0.Net|Mixed Platforms.ActiveCfg = Debug|Any CPU
		{8850531C-ECFB-4798-97F4-A815E8308EFC}.Debug_4.0.Net|Mixed Platforms.Build.0 = Debug|Any CPU
		{8850531C-ECFB-4798-97F4-A815E8308EFC}.Debug_4.0.Net|x86.ActiveCfg = Debug|Any CPU
		{8850531C-ECFB-4798-97F4-A815E8308EFC}.Debug_4.0.Net|x86.Build.0 = Debug|Any CPU
		{8850531C-ECFB-4798-97F4-A815E8308EFC}.Debug|Any CPU.ActiveCfg = Debug|Any CPU
		{8850531C-ECFB-4798-97F4-A815E8308EFC}.Debug|Any CPU.Build.0 = Debug|Any CPU
		{8850531C-ECFB-4798-97F4-A815E8308EFC}.Debug|Mixed Platforms.ActiveCfg = Debug|Any CPU
		{8850531C-ECFB-4798-97F4-A815E8308EFC}.Debug|Mixed Platforms.Build.0 = Debug|Any CPU
		{8850531C-ECFB-4798-97F4-A815E8308EFC}.Debug|x86.ActiveCfg = Debug|Any CPU
		{8850531C-ECFB-4798-97F4-A815E8308EFC}.Debug|x86.Build.0 = Debug|Any CPU
		{8850531C-ECFB-4798-97F4-A815E8308EFC}.Release|Any CPU.ActiveCfg = Release|Any CPU
		{8850531C-ECFB-4798-97F4-A815E8308EFC}.Release|Any CPU.Build.0 = Release|Any CPU
		{8850531C-ECFB-4798-97F4-A815E8308EFC}.Release|Mixed Platforms.ActiveCfg = Release|Any CPU
		{8850531C-ECFB-4798-97F4-A815E8308EFC}.Release|Mixed Platforms.Build.0 = Release|Any CPU
		{8850531C-ECFB-4798-97F4-A815E8308EFC}.Release|x86.ActiveCfg = Release|Any CPU
		{8850531C-ECFB-4798-97F4-A815E8308EFC}.Release|x86.Build.0 = Release|Any CPU
		{CE89B10F-3A15-4664-A7E1-73CDFBF5353B}.Debug_4.0.Net|Any CPU.ActiveCfg = Debug|Any CPU
		{CE89B10F-3A15-4664-A7E1-73CDFBF5353B}.Debug_4.0.Net|Any CPU.Build.0 = Debug|Any CPU
		{CE89B10F-3A15-4664-A7E1-73CDFBF5353B}.Debug_4.0.Net|Mixed Platforms.ActiveCfg = Debug|Any CPU
		{CE89B10F-3A15-4664-A7E1-73CDFBF5353B}.Debug_4.0.Net|Mixed Platforms.Build.0 = Debug|Any CPU
		{CE89B10F-3A15-4664-A7E1-73CDFBF5353B}.Debug_4.0.Net|x86.ActiveCfg = Debug|Any CPU
		{CE89B10F-3A15-4664-A7E1-73CDFBF5353B}.Debug_4.0.Net|x86.Build.0 = Debug|Any CPU
		{CE89B10F-3A15-4664-A7E1-73CDFBF5353B}.Debug|Any CPU.ActiveCfg = Debug|Any CPU
		{CE89B10F-3A15-4664-A7E1-73CDFBF5353B}.Debug|Any CPU.Build.0 = Debug|Any CPU
		{CE89B10F-3A15-4664-A7E1-73CDFBF5353B}.Debug|Mixed Platforms.ActiveCfg = Debug|Any CPU
		{CE89B10F-3A15-4664-A7E1-73CDFBF5353B}.Debug|Mixed Platforms.Build.0 = Debug|Any CPU
		{CE89B10F-3A15-4664-A7E1-73CDFBF5353B}.Debug|x86.ActiveCfg = Debug|Any CPU
		{CE89B10F-3A15-4664-A7E1-73CDFBF5353B}.Debug|x86.Build.0 = Debug|Any CPU
		{CE89B10F-3A15-4664-A7E1-73CDFBF5353B}.Release|Any CPU.ActiveCfg = Release|Any CPU
		{CE89B10F-3A15-4664-A7E1-73CDFBF5353B}.Release|Any CPU.Build.0 = Release|Any CPU
		{CE89B10F-3A15-4664-A7E1-73CDFBF5353B}.Release|Mixed Platforms.ActiveCfg = Release|Any CPU
		{CE89B10F-3A15-4664-A7E1-73CDFBF5353B}.Release|Mixed Platforms.Build.0 = Release|Any CPU
		{CE89B10F-3A15-4664-A7E1-73CDFBF5353B}.Release|x86.ActiveCfg = Release|Any CPU
		{CE89B10F-3A15-4664-A7E1-73CDFBF5353B}.Release|x86.Build.0 = Release|Any CPU
		{EDE8C2A6-89D4-4088-BFD3-65374B082B03}.Debug_4.0.Net|Any CPU.ActiveCfg = Debug|Any CPU
		{EDE8C2A6-89D4-4088-BFD3-65374B082B03}.Debug_4.0.Net|Any CPU.Build.0 = Debug|Any CPU
		{EDE8C2A6-89D4-4088-BFD3-65374B082B03}.Debug_4.0.Net|Mixed Platforms.ActiveCfg = Debug|Any CPU
		{EDE8C2A6-89D4-4088-BFD3-65374B082B03}.Debug_4.0.Net|Mixed Platforms.Build.0 = Debug|Any CPU
		{EDE8C2A6-89D4-4088-BFD3-65374B082B03}.Debug_4.0.Net|x86.ActiveCfg = Debug|Any CPU
		{EDE8C2A6-89D4-4088-BFD3-65374B082B03}.Debug_4.0.Net|x86.Build.0 = Debug|Any CPU
		{EDE8C2A6-89D4-4088-BFD3-65374B082B03}.Debug|Any CPU.ActiveCfg = Debug|Any CPU
		{EDE8C2A6-89D4-4088-BFD3-65374B082B03}.Debug|Any CPU.Build.0 = Debug|Any CPU
		{EDE8C2A6-89D4-4088-BFD3-65374B082B03}.Debug|Mixed Platforms.ActiveCfg = Debug|Any CPU
		{EDE8C2A6-89D4-4088-BFD3-65374B082B03}.Debug|Mixed Platforms.Build.0 = Debug|Any CPU
		{EDE8C2A6-89D4-4088-BFD3-65374B082B03}.Debug|x86.ActiveCfg = Debug|Any CPU
		{EDE8C2A6-89D4-4088-BFD3-65374B082B03}.Debug|x86.Build.0 = Debug|Any CPU
		{EDE8C2A6-89D4-4088-BFD3-65374B082B03}.Release|Any CPU.ActiveCfg = Release|Any CPU
		{EDE8C2A6-89D4-4088-BFD3-65374B082B03}.Release|Any CPU.Build.0 = Release|Any CPU
		{EDE8C2A6-89D4-4088-BFD3-65374B082B03}.Release|Mixed Platforms.ActiveCfg = Release|Any CPU
		{EDE8C2A6-89D4-4088-BFD3-65374B082B03}.Release|Mixed Platforms.Build.0 = Release|Any CPU
		{EDE8C2A6-89D4-4088-BFD3-65374B082B03}.Release|x86.ActiveCfg = Release|Any CPU
		{EDE8C2A6-89D4-4088-BFD3-65374B082B03}.Release|x86.Build.0 = Release|Any CPU
		{8EF8D775-3615-4275-AD57-D56DBCDE390B}.Debug_4.0.Net|Any CPU.ActiveCfg = Debug_4.0.Net|Any CPU
		{8EF8D775-3615-4275-AD57-D56DBCDE390B}.Debug_4.0.Net|Any CPU.Build.0 = Debug_4.0.Net|Any CPU
		{8EF8D775-3615-4275-AD57-D56DBCDE390B}.Debug_4.0.Net|Mixed Platforms.ActiveCfg = Debug_4.0.Net|Any CPU
		{8EF8D775-3615-4275-AD57-D56DBCDE390B}.Debug_4.0.Net|Mixed Platforms.Build.0 = Debug_4.0.Net|Any CPU
		{8EF8D775-3615-4275-AD57-D56DBCDE390B}.Debug_4.0.Net|x86.ActiveCfg = Debug_4.0.Net|Any CPU
		{8EF8D775-3615-4275-AD57-D56DBCDE390B}.Debug_4.0.Net|x86.Build.0 = Debug_4.0.Net|Any CPU
		{8EF8D775-3615-4275-AD57-D56DBCDE390B}.Debug|Any CPU.ActiveCfg = Debug|Any CPU
		{8EF8D775-3615-4275-AD57-D56DBCDE390B}.Debug|Any CPU.Build.0 = Debug|Any CPU
		{8EF8D775-3615-4275-AD57-D56DBCDE390B}.Debug|Mixed Platforms.ActiveCfg = Debug|Any CPU
		{8EF8D775-3615-4275-AD57-D56DBCDE390B}.Debug|Mixed Platforms.Build.0 = Debug|Any CPU
		{8EF8D775-3615-4275-AD57-D56DBCDE390B}.Debug|x86.ActiveCfg = Debug|Any CPU
		{8EF8D775-3615-4275-AD57-D56DBCDE390B}.Debug|x86.Build.0 = Debug|Any CPU
		{8EF8D775-3615-4275-AD57-D56DBCDE390B}.Release|Any CPU.ActiveCfg = Release|Any CPU
		{8EF8D775-3615-4275-AD57-D56DBCDE390B}.Release|Any CPU.Build.0 = Release|Any CPU
		{8EF8D775-3615-4275-AD57-D56DBCDE390B}.Release|Mixed Platforms.ActiveCfg = Release|Any CPU
		{8EF8D775-3615-4275-AD57-D56DBCDE390B}.Release|Mixed Platforms.Build.0 = Release|Any CPU
		{8EF8D775-3615-4275-AD57-D56DBCDE390B}.Release|x86.ActiveCfg = Release|Any CPU
		{8EF8D775-3615-4275-AD57-D56DBCDE390B}.Release|x86.Build.0 = Release|Any CPU
		{ADBD1C3F-F2D0-4CD5-8390-3990EFB572EF}.Debug_4.0.Net|Any CPU.ActiveCfg = Debug|Any CPU
		{ADBD1C3F-F2D0-4CD5-8390-3990EFB572EF}.Debug_4.0.Net|Any CPU.Build.0 = Debug|Any CPU
		{ADBD1C3F-F2D0-4CD5-8390-3990EFB572EF}.Debug_4.0.Net|Mixed Platforms.ActiveCfg = Debug|Any CPU
		{ADBD1C3F-F2D0-4CD5-8390-3990EFB572EF}.Debug_4.0.Net|Mixed Platforms.Build.0 = Debug|Any CPU
		{ADBD1C3F-F2D0-4CD5-8390-3990EFB572EF}.Debug_4.0.Net|x86.ActiveCfg = Debug|Any CPU
		{ADBD1C3F-F2D0-4CD5-8390-3990EFB572EF}.Debug_4.0.Net|x86.Build.0 = Debug|Any CPU
		{ADBD1C3F-F2D0-4CD5-8390-3990EFB572EF}.Debug|Any CPU.ActiveCfg = Debug|Any CPU
		{ADBD1C3F-F2D0-4CD5-8390-3990EFB572EF}.Debug|Any CPU.Build.0 = Debug|Any CPU
		{ADBD1C3F-F2D0-4CD5-8390-3990EFB572EF}.Debug|Mixed Platforms.ActiveCfg = Debug|Any CPU
		{ADBD1C3F-F2D0-4CD5-8390-3990EFB572EF}.Debug|Mixed Platforms.Build.0 = Debug|Any CPU
		{ADBD1C3F-F2D0-4CD5-8390-3990EFB572EF}.Debug|x86.ActiveCfg = Debug|Any CPU
		{ADBD1C3F-F2D0-4CD5-8390-3990EFB572EF}.Debug|x86.Build.0 = Debug|Any CPU
		{ADBD1C3F-F2D0-4CD5-8390-3990EFB572EF}.Release|Any CPU.ActiveCfg = Release|Any CPU
		{ADBD1C3F-F2D0-4CD5-8390-3990EFB572EF}.Release|Any CPU.Build.0 = Release|Any CPU
		{ADBD1C3F-F2D0-4CD5-8390-3990EFB572EF}.Release|Mixed Platforms.ActiveCfg = Release|Any CPU
		{ADBD1C3F-F2D0-4CD5-8390-3990EFB572EF}.Release|Mixed Platforms.Build.0 = Release|Any CPU
		{ADBD1C3F-F2D0-4CD5-8390-3990EFB572EF}.Release|x86.ActiveCfg = Release|Any CPU
		{ADBD1C3F-F2D0-4CD5-8390-3990EFB572EF}.Release|x86.Build.0 = Release|Any CPU
		{E2EF1A40-A49D-4326-8B39-E78621E94275}.Debug_4.0.Net|Any CPU.ActiveCfg = Debug|Any CPU
		{E2EF1A40-A49D-4326-8B39-E78621E94275}.Debug_4.0.Net|Any CPU.Build.0 = Debug|Any CPU
		{E2EF1A40-A49D-4326-8B39-E78621E94275}.Debug_4.0.Net|Mixed Platforms.ActiveCfg = Debug|Any CPU
		{E2EF1A40-A49D-4326-8B39-E78621E94275}.Debug_4.0.Net|Mixed Platforms.Build.0 = Debug|Any CPU
		{E2EF1A40-A49D-4326-8B39-E78621E94275}.Debug_4.0.Net|x86.ActiveCfg = Debug|Any CPU
		{E2EF1A40-A49D-4326-8B39-E78621E94275}.Debug_4.0.Net|x86.Build.0 = Debug|Any CPU
		{E2EF1A40-A49D-4326-8B39-E78621E94275}.Debug|Any CPU.ActiveCfg = Debug|Any CPU
		{E2EF1A40-A49D-4326-8B39-E78621E94275}.Debug|Any CPU.Build.0 = Debug|Any CPU
		{E2EF1A40-A49D-4326-8B39-E78621E94275}.Debug|Mixed Platforms.ActiveCfg = Debug|Any CPU
		{E2EF1A40-A49D-4326-8B39-E78621E94275}.Debug|Mixed Platforms.Build.0 = Debug|Any CPU
		{E2EF1A40-A49D-4326-8B39-E78621E94275}.Debug|x86.ActiveCfg = Debug|Any CPU
		{E2EF1A40-A49D-4326-8B39-E78621E94275}.Debug|x86.Build.0 = Debug|Any CPU
		{E2EF1A40-A49D-4326-8B39-E78621E94275}.Release|Any CPU.ActiveCfg = Release|Any CPU
		{E2EF1A40-A49D-4326-8B39-E78621E94275}.Release|Any CPU.Build.0 = Release|Any CPU
		{E2EF1A40-A49D-4326-8B39-E78621E94275}.Release|Mixed Platforms.ActiveCfg = Release|Any CPU
		{E2EF1A40-A49D-4326-8B39-E78621E94275}.Release|Mixed Platforms.Build.0 = Release|Any CPU
		{E2EF1A40-A49D-4326-8B39-E78621E94275}.Release|x86.ActiveCfg = Release|Any CPU
		{E2EF1A40-A49D-4326-8B39-E78621E94275}.Release|x86.Build.0 = Release|Any CPU
	EndGlobalSection
	GlobalSection(SolutionProperties) = preSolution
		HideSolutionNode = FALSE
	EndGlobalSection
	GlobalSection(ExtensibilityGlobals) = postSolution
		SolutionGuid = {998AC8E3-68BD-45A1-9A7A-C41F804E9DB6}
	EndGlobalSection
	GlobalSection(SubversionScc) = preSolution
		Svn-Managed = True
		Manager = AnkhSVN - Subversion Support for Visual Studio
	EndGlobalSection
EndGlobal
